
Microsoft Visual Studio Solution File, Format Version 12.00
# Visual Studio Version 16
VisualStudioVersion = 16.0.29418.71
MinimumVisualStudioVersion = 10.0.40219.1
Project("{FAE04EC0-301F-11D3-BF4B-00C04F79EFBC}") = "gittest01", "gittest01\gittest01.csproj", "{71C86029-F3F7-4199-A7D5-26FA1CDF9DB6}"
EndProject
Global
	GlobalSection(SolutionConfigurationPlatforms) = preSolution
		Debug|Any CPU = Debug|Any CPU
		Release|Any CPU = Release|Any CPU
	EndGlobalSection
	GlobalSection(ProjectConfigurationPlatforms) = postSolution
		{71C86029-F3F7-4199-A7D5-26FA1CDF9DB6}.Debug|Any CPU.ActiveCfg = Debug|Any CPU
		{71C86029-F3F7-4199-A7D5-26FA1CDF9DB6}.Debug|Any CPU.Build.0 = Debug|Any CPU
		{71C86029-F3F7-4199-A7D5-26FA1CDF9DB6}.Release|Any CPU.ActiveCfg = Release|Any CPU
		{71C86029-F3F7-4199-A7D5-26FA1CDF9DB6}.Release|Any CPU.Build.0 = Release|Any CPU
	EndGlobalSection
	GlobalSection(SolutionProperties) = preSolution
		HideSolutionNode = FALSE
	EndGlobalSection
	GlobalSection(ExtensibilityGlobals) = postSolution
		SolutionGuid = {E4C14007-A900-49C3-8A85-40464DE77C4C}
	EndGlobalSection
EndGlobal
